
Microsoft Visual Studio Solution File, Format Version 12.00
# Visual Studio Version 16
VisualStudioVersion = 16.0.30204.135
MinimumVisualStudioVersion = 10.0.40219.1
Project("{FAE04EC0-301F-11D3-BF4B-00C04F79EFBC}") = "JogoDaVelha", "JogoDaVelha\JogoDaVelha.csproj", "{3CA4D85F-33B9-4F84-9093-72ECE70DD357}"
EndProject
Global
	GlobalSection(SolutionConfigurationPlatforms) = preSolution
		Debug|Any CPU = Debug|Any CPU
		Release|Any CPU = Release|Any CPU
	EndGlobalSection
	GlobalSection(ProjectConfigurationPlatforms) = postSolution
		{3CA4D85F-33B9-4F84-9093-72ECE70DD357}.Debug|Any CPU.ActiveCfg = Debug|Any CPU
		{3CA4D85F-33B9-4F84-9093-72ECE70DD357}.Debug|Any CPU.Build.0 = Debug|Any CPU
		{3CA4D85F-33B9-4F84-9093-72ECE70DD357}.Release|Any CPU.ActiveCfg = Release|Any CPU
		{3CA4D85F-33B9-4F84-9093-72ECE70DD357}.Release|Any CPU.Build.0 = Release|Any CPU
	EndGlobalSection
	GlobalSection(SolutionProperties) = preSolution
		HideSolutionNode = FALSE
	EndGlobalSection
	GlobalSection(ExtensibilityGlobals) = postSolution
		SolutionGuid = {9CF957AB-FD03-428F-A4A8-BA024D15553D}
	EndGlobalSection
EndGlobal
